
Microsoft Visual Studio Solution File, Format Version 12.00
# Visual Studio Version 16
VisualStudioVersion = 16.0.31005.135
MinimumVisualStudioVersion = 10.0.40219.1
Project("{9A19103F-16F7-4668-BE54-9A1E7A4F7556}") = "Workaround", "ConsoleApp1\Workaround.csproj", "{6AA26561-BAD1-434E-9AA9-B24CDCE7B5F2}"
EndProject
Project("{9A19103F-16F7-4668-BE54-9A1E7A4F7556}") = "Entities", "Entities\Entities.csproj", "{EC494302-1929-417C-90A8-36461CE17BE0}"
EndProject
Project("{9A19103F-16F7-4668-BE54-9A1E7A4F7556}") = "Business", "Business\Business.csproj", "{7543A49C-AF26-4626-9E7B-971D1C50493F}"
EndProject
Project("{FAE04EC0-301F-11D3-BF4B-00C04F79EFBC}") = "Work", "Work\Work.csproj", "{2D68ADDD-F791-41A5-B71C-2E7207B9E810}"
EndProject
Global
	GlobalSection(SolutionConfigurationPlatforms) = preSolution
		Debug|Any CPU = Debug|Any CPU
		Release|Any CPU = Release|Any CPU
	EndGlobalSection
	GlobalSection(ProjectConfigurationPlatforms) = postSolution
		{6AA26561-BAD1-434E-9AA9-B24CDCE7B5F2}.Debug|Any CPU.ActiveCfg = Debug|Any CPU
		{6AA26561-BAD1-434E-9AA9-B24CDCE7B5F2}.Debug|Any CPU.Build.0 = Debug|Any CPU
		{6AA26561-BAD1-434E-9AA9-B24CDCE7B5F2}.Release|Any CPU.ActiveCfg = Release|Any CPU
		{6AA26561-BAD1-434E-9AA9-B24CDCE7B5F2}.Release|Any CPU.Build.0 = Release|Any CPU
		{EC494302-1929-417C-90A8-36461CE17BE0}.Debug|Any CPU.ActiveCfg = Debug|Any CPU
		{EC494302-1929-417C-90A8-36461CE17BE0}.Debug|Any CPU.Build.0 = Debug|Any CPU
		{EC494302-1929-417C-90A8-36461CE17BE0}.Release|Any CPU.ActiveCfg = Release|Any CPU
		{EC494302-1929-417C-90A8-36461CE17BE0}.Release|Any CPU.Build.0 = Release|Any CPU
		{7543A49C-AF26-4626-9E7B-971D1C50493F}.Debug|Any CPU.ActiveCfg = Debug|Any CPU
		{7543A49C-AF26-4626-9E7B-971D1C50493F}.Debug|Any CPU.Build.0 = Debug|Any CPU
		{7543A49C-AF26-4626-9E7B-971D1C50493F}.Release|Any CPU.ActiveCfg = Release|Any CPU
		{7543A49C-AF26-4626-9E7B-971D1C50493F}.Release|Any CPU.Build.0 = Release|Any CPU
		{2D68ADDD-F791-41A5-B71C-2E7207B9E810}.Debug|Any CPU.ActiveCfg = Debug|Any CPU
		{2D68ADDD-F791-41A5-B71C-2E7207B9E810}.Debug|Any CPU.Build.0 = Debug|Any CPU
		{2D68ADDD-F791-41A5-B71C-2E7207B9E810}.Release|Any CPU.ActiveCfg = Release|Any CPU
		{2D68ADDD-F791-41A5-B71C-2E7207B9E810}.Release|Any CPU.Build.0 = Release|Any CPU
	EndGlobalSection
	GlobalSection(SolutionProperties) = preSolution
		HideSolutionNode = FALSE
	EndGlobalSection
	GlobalSection(ExtensibilityGlobals) = postSolution
		SolutionGuid = {34BA3B7C-567C-4CB5-90E0-FE76D5C80F9C}
	EndGlobalSection
EndGlobal
